
Microsoft Visual Studio Solution File, Format Version 12.00
# Visual Studio Version 17
VisualStudioVersion = 17.7.34031.279
MinimumVisualStudioVersion = 10.0.40219.1
Project("{FAE04EC0-301F-11D3-BF4B-00C04F79EFBC}") = "LibraryHome", "LibraryHome.csproj", "{2C13B424-586D-4630-95AC-41F8B9D3C86D}"
EndProject
Global
	GlobalSection(SolutionConfigurationPlatforms) = preSolution
		Debug|Any CPU = Debug|Any CPU
		Release|Any CPU = Release|Any CPU
	EndGlobalSection
	GlobalSection(ProjectConfigurationPlatforms) = postSolution
		{2C13B424-586D-4630-95AC-41F8B9D3C86D}.Debug|Any CPU.ActiveCfg = Debug|Any CPU
		{2C13B424-586D-4630-95AC-41F8B9D3C86D}.Debug|Any CPU.Build.0 = Debug|Any CPU
		{2C13B424-586D-4630-95AC-41F8B9D3C86D}.Release|Any CPU.ActiveCfg = Release|Any CPU
		{2C13B424-586D-4630-95AC-41F8B9D3C86D}.Release|Any CPU.Build.0 = Release|Any CPU
	EndGlobalSection
	GlobalSection(SolutionProperties) = preSolution
		HideSolutionNode = FALSE
	EndGlobalSection
	GlobalSection(ExtensibilityGlobals) = postSolution
		SolutionGuid = {CD601ECF-907D-48AE-8E2F-C75DD9D7BAA5}
	EndGlobalSection
EndGlobal
